
Microsoft Visual Studio Solution File, Format Version 12.00
# Visual Studio Version 17
VisualStudioVersion = 17.4.33403.182
MinimumVisualStudioVersion = 10.0.40219.1
Project("{FAE04EC0-301F-11D3-BF4B-00C04F79EFBC}") = "DZ6-1", "DZ6-1\DZ6-1.csproj", "{8C25C4D8-EBB6-495D-A167-BB81D9EEDB69}"
EndProject
Global
	GlobalSection(SolutionConfigurationPlatforms) = preSolution
		Debug|Any CPU = Debug|Any CPU
		Release|Any CPU = Release|Any CPU
	EndGlobalSection
	GlobalSection(ProjectConfigurationPlatforms) = postSolution
		{8C25C4D8-EBB6-495D-A167-BB81D9EEDB69}.Debug|Any CPU.ActiveCfg = Debug|Any CPU
		{8C25C4D8-EBB6-495D-A167-BB81D9EEDB69}.Debug|Any CPU.Build.0 = Debug|Any CPU
		{8C25C4D8-EBB6-495D-A167-BB81D9EEDB69}.Release|Any CPU.ActiveCfg = Release|Any CPU
		{8C25C4D8-EBB6-495D-A167-BB81D9EEDB69}.Release|Any CPU.Build.0 = Release|Any CPU
	EndGlobalSection
	GlobalSection(SolutionProperties) = preSolution
		HideSolutionNode = FALSE
	EndGlobalSection
	GlobalSection(ExtensibilityGlobals) = postSolution
		SolutionGuid = {B91FC50B-F827-4612-A7B4-21E18AD1965B}
	EndGlobalSection
EndGlobal
